
Microsoft Visual Studio Solution File, Format Version 12.00
# Visual Studio Version 17
VisualStudioVersion = 17.0.31903.59
MinimumVisualStudioVersion = 10.0.40219.1
Project("{2150E333-8FDC-42A3-9474-1A3956D46DE8}") = "Services", "Services", "{257EA90B-E6CE-4B7C-8109-90BAB724BF3C}"
EndProject
Project("{2150E333-8FDC-42A3-9474-1A3956D46DE8}") = "Catalog", "Catalog", "{686011FE-D288-4F19-9B7C-A909FB07FFC7}"
EndProject
Project("{9A19103F-16F7-4668-BE54-9A1E7A4F7556}") = "Catalog.API", "src\Services\Catalog\Catalog.API\Catalog.API.csproj", "{B5582265-7014-489C-A0CC-34C673C1D12D}"
EndProject
Project("{E53339B2-1760-4266-BCC7-CA923CBCF16C}") = "docker-compose", "docker-compose.dcproj", "{54FC36C2-FE84-4C63-97CA-C57A6F9C38F3}"
EndProject
Project("{2150E333-8FDC-42A3-9474-1A3956D46DE8}") = "Basket", "Basket", "{462EC64C-E435-4EC6-84EF-8A1535C2A1EC}"
EndProject
Project("{9A19103F-16F7-4668-BE54-9A1E7A4F7556}") = "Basket.API", "src\Services\Basket\Basket.API\Basket.API.csproj", "{1A333464-CB14-4BDD-914F-1AB4C72CEAF7}"
EndProject
Project("{2150E333-8FDC-42A3-9474-1A3956D46DE8}") = "Discount", "Discount", "{A3E30729-DF1A-4DE9-8635-4A398D825E43}"
EndProject
Project("{9A19103F-16F7-4668-BE54-9A1E7A4F7556}") = "Discount.API", "src\Services\Discount\Discount.API\Discount.API.csproj", "{11BB2EC9-DBA8-4EFD-AABA-BFCA26CAD730}"
EndProject
Project("{9A19103F-16F7-4668-BE54-9A1E7A4F7556}") = "Discount.gRPC", "src\Services\Discount\Discount.gRPC\Discount.gRPC.csproj", "{ED3045C3-4AC2-4FF4-BD53-A68E9D76FAEE}"
EndProject
Project("{2150E333-8FDC-42A3-9474-1A3956D46DE8}") = "Ordering", "Ordering", "{BBDB855F-41A9-4590-BF84-4534BC1C88EF}"
EndProject
Project("{9A19103F-16F7-4668-BE54-9A1E7A4F7556}") = "Ordering.API", "src\Services\Ordering\Ordering.API\Ordering.API.csproj", "{212A5F6B-0BBD-4D0D-837F-5ED11C341506}"
EndProject
Project("{9A19103F-16F7-4668-BE54-9A1E7A4F7556}") = "Ordering.Domain", "src\Services\Ordering\Ordering.Domain\Ordering.Domain.csproj", "{E0A71655-D23D-4FD8-A93F-C66144625D9A}"
EndProject
Project("{9A19103F-16F7-4668-BE54-9A1E7A4F7556}") = "Ordering.Application", "src\Services\Ordering\Ordering.Application\Ordering.Application.csproj", "{081C6684-E875-471A-A365-99F05B135854}"
EndProject
Project("{9A19103F-16F7-4668-BE54-9A1E7A4F7556}") = "Ordering.Infrastructure", "src\Services\Ordering\Ordering.Infrastructure\Ordering.Infrastructure.csproj", "{7543A251-F25D-427C-A953-38C7B4350A62}"
EndProject
Project("{2150E333-8FDC-42A3-9474-1A3956D46DE8}") = "BuildingBlocks", "BuildingBlocks", "{13A56724-2B45-4236-857C-5B36240970D2}"
EndProject
Project("{FAE04EC0-301F-11D3-BF4B-00C04F79EFBC}") = "EventBus.Messages", "src\BuildingBlocks\EventBus.Messages\EventBus.Messages.csproj", "{A7CB0B61-CC02-4C42-89F9-FF3C105372D2}"
EndProject
Global
	GlobalSection(SolutionConfigurationPlatforms) = preSolution
		Debug|Any CPU = Debug|Any CPU
		Release|Any CPU = Release|Any CPU
	EndGlobalSection
	GlobalSection(ProjectConfigurationPlatforms) = postSolution
		{B5582265-7014-489C-A0CC-34C673C1D12D}.Debug|Any CPU.ActiveCfg = Debug|Any CPU
		{B5582265-7014-489C-A0CC-34C673C1D12D}.Debug|Any CPU.Build.0 = Debug|Any CPU
		{B5582265-7014-489C-A0CC-34C673C1D12D}.Release|Any CPU.ActiveCfg = Release|Any CPU
		{B5582265-7014-489C-A0CC-34C673C1D12D}.Release|Any CPU.Build.0 = Release|Any CPU
		{54FC36C2-FE84-4C63-97CA-C57A6F9C38F3}.Debug|Any CPU.ActiveCfg = Debug|Any CPU
		{54FC36C2-FE84-4C63-97CA-C57A6F9C38F3}.Debug|Any CPU.Build.0 = Debug|Any CPU
		{54FC36C2-FE84-4C63-97CA-C57A6F9C38F3}.Release|Any CPU.ActiveCfg = Release|Any CPU
		{54FC36C2-FE84-4C63-97CA-C57A6F9C38F3}.Release|Any CPU.Build.0 = Release|Any CPU
		{1A333464-CB14-4BDD-914F-1AB4C72CEAF7}.Debug|Any CPU.ActiveCfg = Debug|Any CPU
		{1A333464-CB14-4BDD-914F-1AB4C72CEAF7}.Debug|Any CPU.Build.0 = Debug|Any CPU
		{1A333464-CB14-4BDD-914F-1AB4C72CEAF7}.Release|Any CPU.ActiveCfg = Release|Any CPU
		{1A333464-CB14-4BDD-914F-1AB4C72CEAF7}.Release|Any CPU.Build.0 = Release|Any CPU
		{11BB2EC9-DBA8-4EFD-AABA-BFCA26CAD730}.Debug|Any CPU.ActiveCfg = Debug|Any CPU
		{11BB2EC9-DBA8-4EFD-AABA-BFCA26CAD730}.Debug|Any CPU.Build.0 = Debug|Any CPU
		{11BB2EC9-DBA8-4EFD-AABA-BFCA26CAD730}.Release|Any CPU.ActiveCfg = Release|Any CPU
		{11BB2EC9-DBA8-4EFD-AABA-BFCA26CAD730}.Release|Any CPU.Build.0 = Release|Any CPU
		{ED3045C3-4AC2-4FF4-BD53-A68E9D76FAEE}.Debug|Any CPU.ActiveCfg = Debug|Any CPU
		{ED3045C3-4AC2-4FF4-BD53-A68E9D76FAEE}.Debug|Any CPU.Build.0 = Debug|Any CPU
		{ED3045C3-4AC2-4FF4-BD53-A68E9D76FAEE}.Release|Any CPU.ActiveCfg = Release|Any CPU
		{ED3045C3-4AC2-4FF4-BD53-A68E9D76FAEE}.Release|Any CPU.Build.0 = Release|Any CPU
		{212A5F6B-0BBD-4D0D-837F-5ED11C341506}.Debug|Any CPU.ActiveCfg = Debug|Any CPU
		{212A5F6B-0BBD-4D0D-837F-5ED11C341506}.Debug|Any CPU.Build.0 = Debug|Any CPU
		{212A5F6B-0BBD-4D0D-837F-5ED11C341506}.Release|Any CPU.ActiveCfg = Release|Any CPU
		{212A5F6B-0BBD-4D0D-837F-5ED11C341506}.Release|Any CPU.Build.0 = Release|Any CPU
		{E0A71655-D23D-4FD8-A93F-C66144625D9A}.Debug|Any CPU.ActiveCfg = Debug|Any CPU
		{E0A71655-D23D-4FD8-A93F-C66144625D9A}.Debug|Any CPU.Build.0 = Debug|Any CPU
		{E0A71655-D23D-4FD8-A93F-C66144625D9A}.Release|Any CPU.ActiveCfg = Release|Any CPU
		{E0A71655-D23D-4FD8-A93F-C66144625D9A}.Release|Any CPU.Build.0 = Release|Any CPU
		{081C6684-E875-471A-A365-99F05B135854}.Debug|Any CPU.ActiveCfg = Debug|Any CPU
		{081C6684-E875-471A-A365-99F05B135854}.Debug|Any CPU.Build.0 = Debug|Any CPU
		{081C6684-E875-471A-A365-99F05B135854}.Release|Any CPU.ActiveCfg = Release|Any CPU
		{081C6684-E875-471A-A365-99F05B135854}.Release|Any CPU.Build.0 = Release|Any CPU
		{7543A251-F25D-427C-A953-38C7B4350A62}.Debug|Any CPU.ActiveCfg = Debug|Any CPU
		{7543A251-F25D-427C-A953-38C7B4350A62}.Debug|Any CPU.Build.0 = Debug|Any CPU
		{7543A251-F25D-427C-A953-38C7B4350A62}.Release|Any CPU.ActiveCfg = Release|Any CPU
		{7543A251-F25D-427C-A953-38C7B4350A62}.Release|Any CPU.Build.0 = Release|Any CPU
		{A7CB0B61-CC02-4C42-89F9-FF3C105372D2}.Debug|Any CPU.ActiveCfg = Debug|Any CPU
		{A7CB0B61-CC02-4C42-89F9-FF3C105372D2}.Debug|Any CPU.Build.0 = Debug|Any CPU
		{A7CB0B61-CC02-4C42-89F9-FF3C105372D2}.Release|Any CPU.ActiveCfg = Release|Any CPU
		{A7CB0B61-CC02-4C42-89F9-FF3C105372D2}.Release|Any CPU.Build.0 = Release|Any CPU
	EndGlobalSection
	GlobalSection(SolutionProperties) = preSolution
		HideSolutionNode = FALSE
	EndGlobalSection
	GlobalSection(NestedProjects) = preSolution
		{686011FE-D288-4F19-9B7C-A909FB07FFC7} = {257EA90B-E6CE-4B7C-8109-90BAB724BF3C}
		{B5582265-7014-489C-A0CC-34C673C1D12D} = {686011FE-D288-4F19-9B7C-A909FB07FFC7}
		{462EC64C-E435-4EC6-84EF-8A1535C2A1EC} = {257EA90B-E6CE-4B7C-8109-90BAB724BF3C}
		{1A333464-CB14-4BDD-914F-1AB4C72CEAF7} = {462EC64C-E435-4EC6-84EF-8A1535C2A1EC}
		{A3E30729-DF1A-4DE9-8635-4A398D825E43} = {257EA90B-E6CE-4B7C-8109-90BAB724BF3C}
		{11BB2EC9-DBA8-4EFD-AABA-BFCA26CAD730} = {A3E30729-DF1A-4DE9-8635-4A398D825E43}
		{ED3045C3-4AC2-4FF4-BD53-A68E9D76FAEE} = {A3E30729-DF1A-4DE9-8635-4A398D825E43}
		{BBDB855F-41A9-4590-BF84-4534BC1C88EF} = {257EA90B-E6CE-4B7C-8109-90BAB724BF3C}
		{212A5F6B-0BBD-4D0D-837F-5ED11C341506} = {BBDB855F-41A9-4590-BF84-4534BC1C88EF}
		{E0A71655-D23D-4FD8-A93F-C66144625D9A} = {BBDB855F-41A9-4590-BF84-4534BC1C88EF}
		{081C6684-E875-471A-A365-99F05B135854} = {BBDB855F-41A9-4590-BF84-4534BC1C88EF}
		{7543A251-F25D-427C-A953-38C7B4350A62} = {BBDB855F-41A9-4590-BF84-4534BC1C88EF}
		{A7CB0B61-CC02-4C42-89F9-FF3C105372D2} = {13A56724-2B45-4236-857C-5B36240970D2}
	EndGlobalSection
	GlobalSection(ExtensibilityGlobals) = postSolution
		SolutionGuid = {141E3B9B-4568-4EB4-A56A-F8EE56F33FB2}
	EndGlobalSection
EndGlobal
