
Microsoft Visual Studio Solution File, Format Version 12.00
# Visual Studio Version 16
VisualStudioVersion = 16.0.31624.102
MinimumVisualStudioVersion = 10.0.40219.1
Project("{2150E333-8FDC-42A3-9474-1A3956D46DE8}") = "Services", "Services", "{257EA90B-E6CE-4B7C-8109-90BAB724BF3C}"
EndProject
Project("{2150E333-8FDC-42A3-9474-1A3956D46DE8}") = "Catalog", "Catalog", "{686011FE-D288-4F19-9B7C-A909FB07FFC7}"
EndProject
Project("{FAE04EC0-301F-11D3-BF4B-00C04F79EFBC}") = "Catalog.API", "src\Services\Catalog\Catalog.API\Catalog.API.csproj", "{B5582265-7014-489C-A0CC-34C673C1D12D}"
EndProject
Project("{E53339B2-1760-4266-BCC7-CA923CBCF16C}") = "docker-compose", "docker-compose.dcproj", "{54FC36C2-FE84-4C63-97CA-C57A6F9C38F3}"
EndProject
Project("{2150E333-8FDC-42A3-9474-1A3956D46DE8}") = "Basket", "Basket", "{462EC64C-E435-4EC6-84EF-8A1535C2A1EC}"
EndProject
Project("{FAE04EC0-301F-11D3-BF4B-00C04F79EFBC}") = "Basket.API", "src\Services\Basket\Basket.API\Basket.API.csproj", "{1A333464-CB14-4BDD-914F-1AB4C72CEAF7}"
EndProject
Global
	GlobalSection(SolutionConfigurationPlatforms) = preSolution
		Debug|Any CPU = Debug|Any CPU
		Release|Any CPU = Release|Any CPU
	EndGlobalSection
	GlobalSection(ProjectConfigurationPlatforms) = postSolution
		{B5582265-7014-489C-A0CC-34C673C1D12D}.Debug|Any CPU.ActiveCfg = Debug|Any CPU
		{B5582265-7014-489C-A0CC-34C673C1D12D}.Debug|Any CPU.Build.0 = Debug|Any CPU
		{B5582265-7014-489C-A0CC-34C673C1D12D}.Release|Any CPU.ActiveCfg = Release|Any CPU
		{B5582265-7014-489C-A0CC-34C673C1D12D}.Release|Any CPU.Build.0 = Release|Any CPU
		{54FC36C2-FE84-4C63-97CA-C57A6F9C38F3}.Debug|Any CPU.ActiveCfg = Debug|Any CPU
		{54FC36C2-FE84-4C63-97CA-C57A6F9C38F3}.Debug|Any CPU.Build.0 = Debug|Any CPU
		{54FC36C2-FE84-4C63-97CA-C57A6F9C38F3}.Release|Any CPU.ActiveCfg = Release|Any CPU
		{54FC36C2-FE84-4C63-97CA-C57A6F9C38F3}.Release|Any CPU.Build.0 = Release|Any CPU
		{1A333464-CB14-4BDD-914F-1AB4C72CEAF7}.Debug|Any CPU.ActiveCfg = Debug|Any CPU
		{1A333464-CB14-4BDD-914F-1AB4C72CEAF7}.Debug|Any CPU.Build.0 = Debug|Any CPU
		{1A333464-CB14-4BDD-914F-1AB4C72CEAF7}.Release|Any CPU.ActiveCfg = Release|Any CPU
		{1A333464-CB14-4BDD-914F-1AB4C72CEAF7}.Release|Any CPU.Build.0 = Release|Any CPU
	EndGlobalSection
	GlobalSection(SolutionProperties) = preSolution
		HideSolutionNode = FALSE
	EndGlobalSection
	GlobalSection(NestedProjects) = preSolution
		{686011FE-D288-4F19-9B7C-A909FB07FFC7} = {257EA90B-E6CE-4B7C-8109-90BAB724BF3C}
		{B5582265-7014-489C-A0CC-34C673C1D12D} = {686011FE-D288-4F19-9B7C-A909FB07FFC7}
		{462EC64C-E435-4EC6-84EF-8A1535C2A1EC} = {257EA90B-E6CE-4B7C-8109-90BAB724BF3C}
		{1A333464-CB14-4BDD-914F-1AB4C72CEAF7} = {462EC64C-E435-4EC6-84EF-8A1535C2A1EC}
	EndGlobalSection
	GlobalSection(ExtensibilityGlobals) = postSolution
		SolutionGuid = {141E3B9B-4568-4EB4-A56A-F8EE56F33FB2}
	EndGlobalSection
EndGlobal
